// !$*UTF8*$!
{
	archiveVersion = 1;
	classes = {
	};
	objectVersion = 56;
	objects = {

/* Begin PBXBuildFile section */
		1DA5170E298033A7008346F5 /* FinancialLiteracyAppApp.swift in Sources */ = {isa = PBXBuildFile; fileRef = 1DA5170D298033A7008346F5 /* FinancialLiteracyAppApp.swift */; };
		1DA51710298033A7008346F5 /* ContentView.swift in Sources */ = {isa = PBXBuildFile; fileRef = 1DA5170F298033A7008346F5 /* ContentView.swift */; };
		1DA51712298033A8008346F5 /* Assets.xcassets in Resources */ = {isa = PBXBuildFile; fileRef = 1DA51711298033A8008346F5 /* Assets.xcassets */; };
		1DA5171F298033A8008346F5 /* FinancialLiteracyAppTests.swift in Sources */ = {isa = PBXBuildFile; fileRef = 1DA5171E298033A8008346F5 /* FinancialLiteracyAppTests.swift */; };
		1DA51729298033A8008346F5 /* FinancialLiteracyAppUITests.swift in Sources */ = {isa = PBXBuildFile; fileRef = 1DA51728298033A8008346F5 /* FinancialLiteracyAppUITests.swift */; };
		1DA5172B298033A8008346F5 /* FinancialLiteracyAppUITestsLaunchTests.swift in Sources */ = {isa = PBXBuildFile; fileRef = 1DA5172A298033A8008346F5 /* FinancialLiteracyAppUITestsLaunchTests.swift */; };
		1DA51738299150E7008346F5 /* infoPage.swift in Sources */ = {isa = PBXBuildFile; fileRef = 1DA51737299150E7008346F5 /* infoPage.swift */; };
		1DA5173A2991567C008346F5 /* childPages.swift in Sources */ = {isa = PBXBuildFile; fileRef = 1DA517392991567C008346F5 /* childPages.swift */; };
		1DA5173C29915688008346F5 /* parentPages.swift in Sources */ = {isa = PBXBuildFile; fileRef = 1DA5173B29915688008346F5 /* parentPages.swift */; };
		1DA5173E2992AB3F008346F5 /* BackendStuff.swift in Sources */ = {isa = PBXBuildFile; fileRef = 1DA5173D2992AB3F008346F5 /* BackendStuff.swift */; };
		1DA517402995CB87008346F5 /* Backend View.swift in Sources */ = {isa = PBXBuildFile; fileRef = 1DA5173F2995CB87008346F5 /* Backend View.swift */; };
		1DA5174229969C16008346F5 /* Preview Content in Resources */ = {isa = PBXBuildFile; fileRef = 1DA5174129969C16008346F5 /* Preview Content */; };
		1DA5174429969E49008346F5 /* Chore.swift in Sources */ = {isa = PBXBuildFile; fileRef = 1DA5174329969E49008346F5 /* Chore.swift */; };
/* End PBXBuildFile section */

/* Begin PBXContainerItemProxy section */
		1DA5171B298033A8008346F5 /* PBXContainerItemProxy */ = {
			isa = PBXContainerItemProxy;
			containerPortal = 1DA51702298033A7008346F5 /* Project object */;
			proxyType = 1;
			remoteGlobalIDString = 1DA51709298033A7008346F5;
			remoteInfo = FinancialLiteracyApp;
		};
		1DA51725298033A8008346F5 /* PBXContainerItemProxy */ = {
			isa = PBXContainerItemProxy;
			containerPortal = 1DA51702298033A7008346F5 /* Project object */;
			proxyType = 1;
			remoteGlobalIDString = 1DA51709298033A7008346F5;
			remoteInfo = FinancialLiteracyApp;
		};
/* End PBXContainerItemProxy section */

/* Begin PBXFileReference section */
		1DA5170A298033A7008346F5 /* FinancialLiteracyApp.app */ = {isa = PBXFileReference; explicitFileType = wrapper.application; includeInIndex = 0; path = FinancialLiteracyApp.app; sourceTree = BUILT_PRODUCTS_DIR; };
		1DA5170D298033A7008346F5 /* FinancialLiteracyAppApp.swift */ = {isa = PBXFileReference; lastKnownFileType = sourcecode.swift; path = FinancialLiteracyAppApp.swift; sourceTree = "<group>"; };
		1DA5170F298033A7008346F5 /* ContentView.swift */ = {isa = PBXFileReference; lastKnownFileType = sourcecode.swift; path = ContentView.swift; sourceTree = "<group>"; };
		1DA51711298033A8008346F5 /* Assets.xcassets */ = {isa = PBXFileReference; lastKnownFileType = folder.assetcatalog; path = Assets.xcassets; sourceTree = "<group>"; };
		1DA5171A298033A8008346F5 /* FinancialLiteracyAppTests.xctest */ = {isa = PBXFileReference; explicitFileType = wrapper.cfbundle; includeInIndex = 0; path = FinancialLiteracyAppTests.xctest; sourceTree = BUILT_PRODUCTS_DIR; };
		1DA5171E298033A8008346F5 /* FinancialLiteracyAppTests.swift */ = {isa = PBXFileReference; lastKnownFileType = sourcecode.swift; path = FinancialLiteracyAppTests.swift; sourceTree = "<group>"; };
		1DA51724298033A8008346F5 /* FinancialLiteracyAppUITests.xctest */ = {isa = PBXFileReference; explicitFileType = wrapper.cfbundle; includeInIndex = 0; path = FinancialLiteracyAppUITests.xctest; sourceTree = BUILT_PRODUCTS_DIR; };
		1DA51728298033A8008346F5 /* FinancialLiteracyAppUITests.swift */ = {isa = PBXFileReference; lastKnownFileType = sourcecode.swift; path = FinancialLiteracyAppUITests.swift; sourceTree = "<group>"; };
		1DA5172A298033A8008346F5 /* FinancialLiteracyAppUITestsLaunchTests.swift */ = {isa = PBXFileReference; lastKnownFileType = sourcecode.swift; path = FinancialLiteracyAppUITestsLaunchTests.swift; sourceTree = "<group>"; };
		1DA51737299150E7008346F5 /* infoPage.swift */ = {isa = PBXFileReference; lastKnownFileType = sourcecode.swift; path = infoPage.swift; sourceTree = "<group>"; };
		1DA517392991567C008346F5 /* childPages.swift */ = {isa = PBXFileReference; lastKnownFileType = sourcecode.swift; path = childPages.swift; sourceTree = "<group>"; };
		1DA5173B29915688008346F5 /* parentPages.swift */ = {isa = PBXFileReference; lastKnownFileType = sourcecode.swift; path = parentPages.swift; sourceTree = "<group>"; };
		1DA5173D2992AB3F008346F5 /* BackendStuff.swift */ = {isa = PBXFileReference; lastKnownFileType = sourcecode.swift; path = BackendStuff.swift; sourceTree = "<group>"; };
		1DA5173F2995CB87008346F5 /* Backend View.swift */ = {isa = PBXFileReference; lastKnownFileType = sourcecode.swift; path = "Backend View.swift"; sourceTree = "<group>"; };
		1DA5174129969C16008346F5 /* Preview Content */ = {isa = PBXFileReference; lastKnownFileType = folder; path = "Preview Content"; sourceTree = "<group>"; };
		1DA5174329969E49008346F5 /* Chore.swift */ = {isa = PBXFileReference; lastKnownFileType = sourcecode.swift; path = Chore.swift; sourceTree = "<group>"; };
/* End PBXFileReference section */

/* Begin PBXFrameworksBuildPhase section */
		1DA51707298033A7008346F5 /* Frameworks */ = {
			isa = PBXFrameworksBuildPhase;
			buildActionMask = 2147483647;
			files = (
			);
			runOnlyForDeploymentPostprocessing = 0;
		};
		1DA51717298033A8008346F5 /* Frameworks */ = {
			isa = PBXFrameworksBuildPhase;
			buildActionMask = 2147483647;
			files = (
			);
			runOnlyForDeploymentPostprocessing = 0;
		};
		1DA51721298033A8008346F5 /* Frameworks */ = {
			isa = PBXFrameworksBuildPhase;
			buildActionMask = 2147483647;
			files = (
			);
			runOnlyForDeploymentPostprocessing = 0;
		};
/* End PBXFrameworksBuildPhase section */

/* Begin PBXGroup section */
		1DA51701298033A7008346F5 = {
			isa = PBXGroup;
			children = (
				1DA5170C298033A7008346F5 /* FinancialLiteracyApp */,
				1DA5171D298033A8008346F5 /* FinancialLiteracyAppTests */,
				1DA51727298033A8008346F5 /* FinancialLiteracyAppUITests */,
				1DA5170B298033A7008346F5 /* Products */,
			);
			sourceTree = "<group>";
		};
		1DA5170B298033A7008346F5 /* Products */ = {
			isa = PBXGroup;
			children = (
				1DA5170A298033A7008346F5 /* FinancialLiteracyApp.app */,
				1DA5171A298033A8008346F5 /* FinancialLiteracyAppTests.xctest */,
				1DA51724298033A8008346F5 /* FinancialLiteracyAppUITests.xctest */,
			);
			name = Products;
			sourceTree = "<group>";
		};
		1DA5170C298033A7008346F5 /* FinancialLiteracyApp */ = {
			isa = PBXGroup;
			children = (
				1DA5170D298033A7008346F5 /* FinancialLiteracyAppApp.swift */,
				1DA5170F298033A7008346F5 /* ContentView.swift */,
				1DA51737299150E7008346F5 /* infoPage.swift */,
				1DA517392991567C008346F5 /* childPages.swift */,
				1DA5174329969E49008346F5 /* Chore.swift */,
				1DA5173B29915688008346F5 /* parentPages.swift */,
				1DA5173D2992AB3F008346F5 /* BackendStuff.swift */,
				1DA5173F2995CB87008346F5 /* Backend View.swift */,
				1DA51711298033A8008346F5 /* Assets.xcassets */,
				1DA5174129969C16008346F5 /* Preview Content */,
			);
			path = FinancialLiteracyApp;
			sourceTree = "<group>";
		};
		1DA5171D298033A8008346F5 /* FinancialLiteracyAppTests */ = {
			isa = PBXGroup;
			children = (
				1DA5171E298033A8008346F5 /* FinancialLiteracyAppTests.swift */,
			);
			path = FinancialLiteracyAppTests;
			sourceTree = "<group>";
		};
		1DA51727298033A8008346F5 /* FinancialLiteracyAppUITests */ = {
			isa = PBXGroup;
			children = (
				1DA51728298033A8008346F5 /* FinancialLiteracyAppUITests.swift */,
				1DA5172A298033A8008346F5 /* FinancialLiteracyAppUITestsLaunchTests.swift */,
			);
			path = FinancialLiteracyAppUITests;
			sourceTree = "<group>";
		};
/* End PBXGroup section */

/* Begin PBXNativeTarget section */
		1DA51709298033A7008346F5 /* FinancialLiteracyApp */ = {
			isa = PBXNativeTarget;
			buildConfigurationList = 1DA5172E298033A8008346F5 /* Build configuration list for PBXNativeTarget "FinancialLiteracyApp" */;
			buildPhases = (
				1DA51706298033A7008346F5 /* Sources */,
				1DA51707298033A7008346F5 /* Frameworks */,
				1DA51708298033A7008346F5 /* Resources */,
			);
			buildRules = (
			);
			dependencies = (
			);
			name = FinancialLiteracyApp;
			productName = FinancialLiteracyApp;
			productReference = 1DA5170A298033A7008346F5 /* FinancialLiteracyApp.app */;
			productType = "com.apple.product-type.application";
		};
		1DA51719298033A8008346F5 /* FinancialLiteracyAppTests */ = {
			isa = PBXNativeTarget;
			buildConfigurationList = 1DA51731298033A8008346F5 /* Build configuration list for PBXNativeTarget "FinancialLiteracyAppTests" */;
			buildPhases = (
				1DA51716298033A8008346F5 /* Sources */,
				1DA51717298033A8008346F5 /* Frameworks */,
				1DA51718298033A8008346F5 /* Resources */,
			);
			buildRules = (
			);
			dependencies = (
				1DA5171C298033A8008346F5 /* PBXTargetDependency */,
			);
			name = FinancialLiteracyAppTests;
			productName = FinancialLiteracyAppTests;
			productReference = 1DA5171A298033A8008346F5 /* FinancialLiteracyAppTests.xctest */;
			productType = "com.apple.product-type.bundle.unit-test";
		};
		1DA51723298033A8008346F5 /* FinancialLiteracyAppUITests */ = {
			isa = PBXNativeTarget;
			buildConfigurationList = 1DA51734298033A8008346F5 /* Build configuration list for PBXNativeTarget "FinancialLiteracyAppUITests" */;
			buildPhases = (
				1DA51720298033A8008346F5 /* Sources */,
				1DA51721298033A8008346F5 /* Frameworks */,
				1DA51722298033A8008346F5 /* Resources */,
			);
			buildRules = (
			);
			dependencies = (
				1DA51726298033A8008346F5 /* PBXTargetDependency */,
			);
			name = FinancialLiteracyAppUITests;
			productName = FinancialLiteracyAppUITests;
			productReference = 1DA51724298033A8008346F5 /* FinancialLiteracyAppUITests.xctest */;
			productType = "com.apple.product-type.bundle.ui-testing";
		};
/* End PBXNativeTarget section */

/* Begin PBXProject section */
		1DA51702298033A7008346F5 /* Project object */ = {
			isa = PBXProject;
			attributes = {
				BuildIndependentTargetsInParallel = 1;
				LastSwiftUpdateCheck = 1420;
				LastUpgradeCheck = 1420;
				TargetAttributes = {
					1DA51709298033A7008346F5 = {
						CreatedOnToolsVersion = 14.2;
					};
					1DA51719298033A8008346F5 = {
						CreatedOnToolsVersion = 14.2;
						TestTargetID = 1DA51709298033A7008346F5;
					};
					1DA51723298033A8008346F5 = {
						CreatedOnToolsVersion = 14.2;
						TestTargetID = 1DA51709298033A7008346F5;
					};
				};
			};
			buildConfigurationList = 1DA51705298033A7008346F5 /* Build configuration list for PBXProject "FinancialLiteracyApp" */;
			compatibilityVersion = "Xcode 14.0";
			developmentRegion = en;
			hasScannedForEncodings = 0;
			knownRegions = (
				en,
				Base,
			);
			mainGroup = 1DA51701298033A7008346F5;
			productRefGroup = 1DA5170B298033A7008346F5 /* Products */;
			projectDirPath = "";
			projectRoot = "";
			targets = (
				1DA51709298033A7008346F5 /* FinancialLiteracyApp */,
				1DA51719298033A8008346F5 /* FinancialLiteracyAppTests */,
				1DA51723298033A8008346F5 /* FinancialLiteracyAppUITests */,
			);
		};
/* End PBXProject section */

/* Begin PBXResourcesBuildPhase section */
		1DA51708298033A7008346F5 /* Resources */ = {
			isa = PBXResourcesBuildPhase;
			buildActionMask = 2147483647;
			files = (
				1DA5174229969C16008346F5 /* Preview Content in Resources */,
				1DA51712298033A8008346F5 /* Assets.xcassets in Resources */,
			);
			runOnlyForDeploymentPostprocessing = 0;
		};
		1DA51718298033A8008346F5 /* Resources */ = {
			isa = PBXResourcesBuildPhase;
			buildActionMask = 2147483647;
			files = (
			);
			runOnlyForDeploymentPostprocessing = 0;
		};
		1DA51722298033A8008346F5 /* Resources */ = {
			isa = PBXResourcesBuildPhase;
			buildActionMask = 2147483647;
			files = (
			);
			runOnlyForDeploymentPostprocessing = 0;
		};
/* End PBXResourcesBuildPhase section */

/* Begin PBXSourcesBuildPhase section */
		1DA51706298033A7008346F5 /* Sources */ = {
			isa = PBXSourcesBuildPhase;
			buildActionMask = 2147483647;
			files = (
				1DA51710298033A7008346F5 /* ContentView.swift in Sources */,
				1DA517402995CB87008346F5 /* Backend View.swift in Sources */,
				1DA5173E2992AB3F008346F5 /* BackendStuff.swift in Sources */,
				1DA51738299150E7008346F5 /* infoPage.swift in Sources */,
				1DA5173C29915688008346F5 /* parentPages.swift in Sources */,
				1DA5170E298033A7008346F5 /* FinancialLiteracyAppApp.swift in Sources */,
				1DA5173A2991567C008346F5 /* childPages.swift in Sources */,
				1DA5174429969E49008346F5 /* Chore.swift in Sources */,
			);
			runOnlyForDeploymentPostprocessing = 0;
		};
		1DA51716298033A8008346F5 /* Sources */ = {
			isa = PBXSourcesBuildPhase;
			buildActionMask = 2147483647;
			files = (
				1DA5171F298033A8008346F5 /* FinancialLiteracyAppTests.swift in Sources */,
			);
			runOnlyForDeploymentPostprocessing = 0;
		};
		1DA51720298033A8008346F5 /* Sources */ = {
			isa = PBXSourcesBuildPhase;
			buildActionMask = 2147483647;
			files = (
				1DA51729298033A8008346F5 /* FinancialLiteracyAppUITests.swift in Sources */,
				1DA5172B298033A8008346F5 /* FinancialLiteracyAppUITestsLaunchTests.swift in Sources */,
			);
			runOnlyForDeploymentPostprocessing = 0;
		};
/* End PBXSourcesBuildPhase section */

/* Begin PBXTargetDependency section */
		1DA5171C298033A8008346F5 /* PBXTargetDependency */ = {
			isa = PBXTargetDependency;
			target = 1DA51709298033A7008346F5 /* FinancialLiteracyApp */;
			targetProxy = 1DA5171B298033A8008346F5 /* PBXContainerItemProxy */;
		};
		1DA51726298033A8008346F5 /* PBXTargetDependency */ = {
			isa = PBXTargetDependency;
			target = 1DA51709298033A7008346F5 /* FinancialLiteracyApp */;
			targetProxy = 1DA51725298033A8008346F5 /* PBXContainerItemProxy */;
		};
/* End PBXTargetDependency section */

/* Begin XCBuildConfiguration section */
		1DA5172C298033A8008346F5 /* Debug */ = {
			isa = XCBuildConfiguration;
			buildSettings = {
				ALWAYS_SEARCH_USER_PATHS = NO;
				CLANG_ANALYZER_NONNULL = YES;
				CLANG_ANALYZER_NUMBER_OBJECT_CONVERSION = YES_AGGRESSIVE;
				CLANG_CXX_LANGUAGE_STANDARD = "gnu++20";
				CLANG_ENABLE_MODULES = YES;
				CLANG_ENABLE_OBJC_ARC = YES;
				CLANG_ENABLE_OBJC_WEAK = YES;
				CLANG_WARN_BLOCK_CAPTURE_AUTORELEASING = YES;
				CLANG_WARN_BOOL_CONVERSION = YES;
				CLANG_WARN_COMMA = YES;
				CLANG_WARN_CONSTANT_CONVERSION = YES;
				CLANG_WARN_DEPRECATED_OBJC_IMPLEMENTATIONS = YES;
				CLANG_WARN_DIRECT_OBJC_ISA_USAGE = YES_ERROR;
				CLANG_WARN_DOCUMENTATION_COMMENTS = YES;
				CLANG_WARN_EMPTY_BODY = YES;
				CLANG_WARN_ENUM_CONVERSION = YES;
				CLANG_WARN_INFINITE_RECURSION = YES;
				CLANG_WARN_INT_CONVERSION = YES;
				CLANG_WARN_NON_LITERAL_NULL_CONVERSION = YES;
				CLANG_WARN_OBJC_IMPLICIT_RETAIN_SELF = YES;
				CLANG_WARN_OBJC_LITERAL_CONVERSION = YES;
				CLANG_WARN_OBJC_ROOT_CLASS = YES_ERROR;
				CLANG_WARN_QUOTED_INCLUDE_IN_FRAMEWORK_HEADER = YES;
				CLANG_WARN_RANGE_LOOP_ANALYSIS = YES;
				CLANG_WARN_STRICT_PROTOTYPES = YES;
				CLANG_WARN_SUSPICIOUS_MOVE = YES;
				CLANG_WARN_UNGUARDED_AVAILABILITY = YES_AGGRESSIVE;
				CLANG_WARN_UNREACHABLE_CODE = YES;
				CLANG_WARN__DUPLICATE_METHOD_MATCH = YES;
				COPY_PHASE_STRIP = NO;
				DEBUG_INFORMATION_FORMAT = dwarf;
				ENABLE_STRICT_OBJC_MSGSEND = YES;
				ENABLE_TESTABILITY = YES;
				GCC_C_LANGUAGE_STANDARD = gnu11;
				GCC_DYNAMIC_NO_PIC = NO;
				GCC_NO_COMMON_BLOCKS = YES;
				GCC_OPTIMIZATION_LEVEL = 0;
				GCC_PREPROCESSOR_DEFINITIONS = (
					"DEBUG=1",
					"$(inherited)",
				);
				GCC_WARN_64_TO_32_BIT_CONVERSION = YES;
				GCC_WARN_ABOUT_RETURN_TYPE = YES_ERROR;
				GCC_WARN_UNDECLARED_SELECTOR = YES;
				GCC_WARN_UNINITIALIZED_AUTOS = YES_AGGRESSIVE;
				GCC_WARN_UNUSED_FUNCTION = YES;
				GCC_WARN_UNUSED_VARIABLE = YES;
				IPHONEOS_DEPLOYMENT_TARGET = 16.2;
				MTL_ENABLE_DEBUG_INFO = INCLUDE_SOURCE;
				MTL_FAST_MATH = YES;
				ONLY_ACTIVE_ARCH = YES;
				SDKROOT = iphoneos;
				SWIFT_ACTIVE_COMPILATION_CONDITIONS = DEBUG;
				SWIFT_OPTIMIZATION_LEVEL = "-Onone";
			};
			name = Debug;
		};
		1DA5172D298033A8008346F5 /* Release */ = {
			isa = XCBuildConfiguration;
			buildSettings = {
				ALWAYS_SEARCH_USER_PATHS = NO;
				CLANG_ANALYZER_NONNULL = YES;
				CLANG_ANALYZER_NUMBER_OBJECT_CONVERSION = YES_AGGRESSIVE;
				CLANG_CXX_LANGUAGE_STANDARD = "gnu++20";
				CLANG_ENABLE_MODULES = YES;
				CLANG_ENABLE_OBJC_ARC = YES;
				CLANG_ENABLE_OBJC_WEAK = YES;
				CLANG_WARN_BLOCK_CAPTURE_AUTORELEASING = YES;
				CLANG_WARN_BOOL_CONVERSION = YES;
				CLANG_WARN_COMMA = YES;
				CLANG_WARN_CONSTANT_CONVERSION = YES;
				CLANG_WARN_DEPRECATED_OBJC_IMPLEMENTATIONS = YES;
				CLANG_WARN_DIRECT_OBJC_ISA_USAGE = YES_ERROR;
				CLANG_WARN_DOCUMENTATION_COMMENTS = YES;
				CLANG_WARN_EMPTY_BODY = YES;
				CLANG_WARN_ENUM_CONVERSION = YES;
				CLANG_WARN_INFINITE_RECURSION = YES;
				CLANG_WARN_INT_CONVERSION = YES;
				CLANG_WARN_NON_LITERAL_NULL_CONVERSION = YES;
				CLANG_WARN_OBJC_IMPLICIT_RETAIN_SELF = YES;
				CLANG_WARN_OBJC_LITERAL_CONVERSION = YES;
				CLANG_WARN_OBJC_ROOT_CLASS = YES_ERROR;
				CLANG_WARN_QUOTED_INCLUDE_IN_FRAMEWORK_HEADER = YES;
				CLANG_WARN_RANGE_LOOP_ANALYSIS = YES;
				CLANG_WARN_STRICT_PROTOTYPES = YES;
				CLANG_WARN_SUSPICIOUS_MOVE = YES;
				CLANG_WARN_UNGUARDED_AVAILABILITY = YES_AGGRESSIVE;
				CLANG_WARN_UNREACHABLE_CODE = YES;
				CLANG_WARN__DUPLICATE_METHOD_MATCH = YES;
				COPY_PHASE_STRIP = NO;
				DEBUG_INFORMATION_FORMAT = "dwarf-with-dsym";
				ENABLE_NS_ASSERTIONS = NO;
				ENABLE_STRICT_OBJC_MSGSEND = YES;
				GCC_C_LANGUAGE_STANDARD = gnu11;
				GCC_NO_COMMON_BLOCKS = YES;
				GCC_WARN_64_TO_32_BIT_CONVERSION = YES;
				GCC_WARN_ABOUT_RETURN_TYPE = YES_ERROR;
				GCC_WARN_UNDECLARED_SELECTOR = YES;
				GCC_WARN_UNINITIALIZED_AUTOS = YES_AGGRESSIVE;
				GCC_WARN_UNUSED_FUNCTION = YES;
				GCC_WARN_UNUSED_VARIABLE = YES;
				IPHONEOS_DEPLOYMENT_TARGET = 16.2;
				MTL_ENABLE_DEBUG_INFO = NO;
				MTL_FAST_MATH = YES;
				SDKROOT = iphoneos;
				SWIFT_COMPILATION_MODE = wholemodule;
				SWIFT_OPTIMIZATION_LEVEL = "-O";
				VALIDATE_PRODUCT = YES;
			};
			name = Release;
		};
		1DA5172F298033A8008346F5 /* Debug */ = {
			isa = XCBuildConfiguration;
			buildSettings = {
				ASSETCATALOG_COMPILER_APPICON_NAME = AppIcon;
				ASSETCATALOG_COMPILER_GLOBAL_ACCENT_COLOR_NAME = AccentColor;
				CODE_SIGN_STYLE = Automatic;
				CURRENT_PROJECT_VERSION = 1;
				DEVELOPMENT_ASSET_PATHS = "\"FinancialLiteracyApp/Preview Content\"";
				DEVELOPMENT_TEAM = ZS9968G78Y;
				ENABLE_PREVIEWS = YES;
				GENERATE_INFOPLIST_FILE = YES;
				INFOPLIST_KEY_UIApplicationSceneManifest_Generation = YES;
				INFOPLIST_KEY_UIApplicationSupportsIndirectInputEvents = YES;
				INFOPLIST_KEY_UILaunchScreen_Generation = YES;
				INFOPLIST_KEY_UISupportedInterfaceOrientations_iPad = "UIInterfaceOrientationPortrait UIInterfaceOrientationPortraitUpsideDown UIInterfaceOrientationLandscapeLeft UIInterfaceOrientationLandscapeRight";
				INFOPLIST_KEY_UISupportedInterfaceOrientations_iPhone = "UIInterfaceOrientationPortrait UIInterfaceOrientationLandscapeLeft UIInterfaceOrientationLandscapeRight";
				LD_RUNPATH_SEARCH_PATHS = (
					"$(inherited)",
					"@executable_path/Frameworks",
				);
				MARKETING_VERSION = 1.0;
				PRODUCT_BUNDLE_IDENTIFIER = T.FinancialLiteracyApp;
				PRODUCT_NAME = "$(TARGET_NAME)";
				SWIFT_EMIT_LOC_STRINGS = YES;
				SWIFT_VERSION = 5.0;
				TARGETED_DEVICE_FAMILY = "1,2";
			};
			name = Debug;
		};
		1DA51730298033A8008346F5 /* Release */ = {
			isa = XCBuildConfiguration;
			buildSettings = {
				ASSETCATALOG_COMPILER_APPICON_NAME = AppIcon;
				ASSETCATALOG_COMPILER_GLOBAL_ACCENT_COLOR_NAME = AccentColor;
				CODE_SIGN_STYLE = Automatic;
				CURRENT_PROJECT_VERSION = 1;
				DEVELOPMENT_ASSET_PATHS = "\"FinancialLiteracyApp/Preview Content\"";
				DEVELOPMENT_TEAM = ZS9968G78Y;
				ENABLE_PREVIEWS = YES;
				GENERATE_INFOPLIST_FILE = YES;
				INFOPLIST_KEY_UIApplicationSceneManifest_Generation = YES;
				INFOPLIST_KEY_UIApplicationSupportsIndirectInputEvents = YES;
				INFOPLIST_KEY_UILaunchScreen_Generation = YES;
				INFOPLIST_KEY_UISupportedInterfaceOrientations_iPad = "UIInterfaceOrientationPortrait UIInterfaceOrientationPortraitUpsideDown UIInterfaceOrientationLandscapeLeft UIInterfaceOrientationLandscapeRight";
				INFOPLIST_KEY_UISupportedInterfaceOrientations_iPhone = "UIInterfaceOrientationPortrait UIInterfaceOrientationLandscapeLeft UIInterfaceOrientationLandscapeRight";
				LD_RUNPATH_SEARCH_PATHS = (
					"$(inherited)",
					"@executable_path/Frameworks",
				);
				MARKETING_VERSION = 1.0;
				PRODUCT_BUNDLE_IDENTIFIER = T.FinancialLiteracyApp;
				PRODUCT_NAME = "$(TARGET_NAME)";
				SWIFT_EMIT_LOC_STRINGS = YES;
				SWIFT_VERSION = 5.0;
				TARGETED_DEVICE_FAMILY = "1,2";
			};
			name = Release;
		};
		1DA51732298033A8008346F5 /* Debug */ = {
			isa = XCBuildConfiguration;
			buildSettings = {
				ALWAYS_EMBED_SWIFT_STANDARD_LIBRARIES = YES;
				BUNDLE_LOADER = "$(TEST_HOST)";
				CODE_SIGN_STYLE = Automatic;
				CURRENT_PROJECT_VERSION = 1;
				DEVELOPMENT_TEAM = ZS9968G78Y;
				GENERATE_INFOPLIST_FILE = YES;
				IPHONEOS_DEPLOYMENT_TARGET = 16.2;
				MARKETING_VERSION = 1.0;
				PRODUCT_BUNDLE_IDENTIFIER = T.FinancialLiteracyAppTests;
				PRODUCT_NAME = "$(TARGET_NAME)";
				SWIFT_EMIT_LOC_STRINGS = NO;
				SWIFT_VERSION = 5.0;
				TARGETED_DEVICE_FAMILY = "1,2";
				TEST_HOST = "$(BUILT_PRODUCTS_DIR)/FinancialLiteracyApp.app/$(BUNDLE_EXECUTABLE_FOLDER_PATH)/FinancialLiteracyApp";
			};
			name = Debug;
		};
		1DA51733298033A8008346F5 /* Release */ = {
			isa = XCBuildConfiguration;
			buildSettings = {
				ALWAYS_EMBED_SWIFT_STANDARD_LIBRARIES = YES;
				BUNDLE_LOADER = "$(TEST_HOST)";
				CODE_SIGN_STYLE = Automatic;
				CURRENT_PROJECT_VERSION = 1;
				DEVELOPMENT_TEAM = ZS9968G78Y;
				GENERATE_INFOPLIST_FILE = YES;
				IPHONEOS_DEPLOYMENT_TARGET = 16.2;
				MARKETING_VERSION = 1.0;
				PRODUCT_BUNDLE_IDENTIFIER = T.FinancialLiteracyAppTests;
				PRODUCT_NAME = "$(TARGET_NAME)";
				SWIFT_EMIT_LOC_STRINGS = NO;
				SWIFT_VERSION = 5.0;
				TARGETED_DEVICE_FAMILY = "1,2";
				TEST_HOST = "$(BUILT_PRODUCTS_DIR)/FinancialLiteracyApp.app/$(BUNDLE_EXECUTABLE_FOLDER_PATH)/FinancialLiteracyApp";
			};
			name = Release;
		};
		1DA51735298033A8008346F5 /* Debug */ = {
			isa = XCBuildConfiguration;
			buildSettings = {
				ALWAYS_EMBED_SWIFT_STANDARD_LIBRARIES = YES;
				CODE_SIGN_STYLE = Automatic;
				CURRENT_PROJECT_VERSION = 1;
				DEVELOPMENT_TEAM = ZS9968G78Y;
				GENERATE_INFOPLIST_FILE = YES;
				MARKETING_VERSION = 1.0;
				PRODUCT_BUNDLE_IDENTIFIER = T.FinancialLiteracyAppUITests;
				PRODUCT_NAME = "$(TARGET_NAME)";
				SWIFT_EMIT_LOC_STRINGS = NO;
				SWIFT_VERSION = 5.0;
				TARGETED_DEVICE_FAMILY = "1,2";
				TEST_TARGET_NAME = FinancialLiteracyApp;
			};
			name = Debug;
		};
		1DA51736298033A8008346F5 /* Release */ = {
			isa = XCBuildConfiguration;
			buildSettings = {
				ALWAYS_EMBED_SWIFT_STANDARD_LIBRARIES = YES;
				CODE_SIGN_STYLE = Automatic;
				CURRENT_PROJECT_VERSION = 1;
				DEVELOPMENT_TEAM = ZS9968G78Y;
				GENERATE_INFOPLIST_FILE = YES;
				MARKETING_VERSION = 1.0;
				PRODUCT_BUNDLE_IDENTIFIER = T.FinancialLiteracyAppUITests;
				PRODUCT_NAME = "$(TARGET_NAME)";
				SWIFT_EMIT_LOC_STRINGS = NO;
				SWIFT_VERSION = 5.0;
				TARGETED_DEVICE_FAMILY = "1,2";
				TEST_TARGET_NAME = FinancialLiteracyApp;
			};
			name = Release;
		};
/* End XCBuildConfiguration section */

/* Begin XCConfigurationList section */
		1DA51705298033A7008346F5 /* Build configuration list for PBXProject "FinancialLiteracyApp" */ = {
			isa = XCConfigurationList;
			buildConfigurations = (
				1DA5172C298033A8008346F5 /* Debug */,
				1DA5172D298033A8008346F5 /* Release */,
			);
			defaultConfigurationIsVisible = 0;
			defaultConfigurationName = Release;
		};
		1DA5172E298033A8008346F5 /* Build configuration list for PBXNativeTarget "FinancialLiteracyApp" */ = {
			isa = XCConfigurationList;
			buildConfigurations = (
				1DA5172F298033A8008346F5 /* Debug */,
				1DA51730298033A8008346F5 /* Release */,
			);
			defaultConfigurationIsVisible = 0;
			defaultConfigurationName = Release;
		};
		1DA51731298033A8008346F5 /* Build configuration list for PBXNativeTarget "FinancialLiteracyAppTests" */ = {
			isa = XCConfigurationList;
			buildConfigurations = (
				1DA51732298033A8008346F5 /* Debug */,
				1DA51733298033A8008346F5 /* Release */,
			);
			defaultConfigurationIsVisible = 0;
			defaultConfigurationName = Release;
		};
		1DA51734298033A8008346F5 /* Build configuration list for PBXNativeTarget "FinancialLiteracyAppUITests" */ = {
			isa = XCConfigurationList;
			buildConfigurations = (
				1DA51735298033A8008346F5 /* Debug */,
				1DA51736298033A8008346F5 /* Release */,
			);
			defaultConfigurationIsVisible = 0;
			defaultConfigurationName = Release;
		};
/* End XCConfigurationList section */
	};
	rootObject = 1DA51702298033A7008346F5 /* Project object */;
}
